
Microsoft Visual Studio Solution File, Format Version 12.00
# Visual Studio Version 17
VisualStudioVersion = 17.8.34330.188
MinimumVisualStudioVersion = 10.0.40219.1
Project("{FAE04EC0-301F-11D3-BF4B-00C04F79EFBC}") = "GetPcData", "GetPcData\GetPcData.csproj", "{55F17B86-F4E8-4E17-B8CD-A92DBC776E98}"
EndProject
Global
	GlobalSection(SolutionConfigurationPlatforms) = preSolution
		Debug|Any CPU = Debug|Any CPU
		Release|Any CPU = Release|Any CPU
	EndGlobalSection
	GlobalSection(ProjectConfigurationPlatforms) = postSolution
		{55F17B86-F4E8-4E17-B8CD-A92DBC776E98}.Debug|Any CPU.ActiveCfg = Debug|Any CPU
		{55F17B86-F4E8-4E17-B8CD-A92DBC776E98}.Debug|Any CPU.Build.0 = Debug|Any CPU
		{55F17B86-F4E8-4E17-B8CD-A92DBC776E98}.Release|Any CPU.ActiveCfg = Release|Any CPU
		{55F17B86-F4E8-4E17-B8CD-A92DBC776E98}.Release|Any CPU.Build.0 = Release|Any CPU
	EndGlobalSection
	GlobalSection(SolutionProperties) = preSolution
		HideSolutionNode = FALSE
	EndGlobalSection
	GlobalSection(ExtensibilityGlobals) = postSolution
		SolutionGuid = {44369489-8584-4462-A202-EA681878B575}
	EndGlobalSection
EndGlobal
